
Microsoft Visual Studio Solution File, Format Version 12.00
# Visual Studio Version 16
VisualStudioVersion = 16.0.31727.386
MinimumVisualStudioVersion = 10.0.40219.1
Project("{8BC9CEB8-8B4A-11D0-8D11-00A0C91BC942}") = "pedzip", "pedzip\pedzip.vcxproj", "{6AB9C876-3DE0-4FB9-85B8-BF1271B2B3CA}"
EndProject
Global
	GlobalSection(SolutionConfigurationPlatforms) = preSolution
		Debug|x86 = Debug|x86
		Release|x86 = Release|x86
	EndGlobalSection
	GlobalSection(ProjectConfigurationPlatforms) = postSolution
		{6AB9C876-3DE0-4FB9-85B8-BF1271B2B3CA}.Debug|x86.ActiveCfg = Debug|Win32
		{6AB9C876-3DE0-4FB9-85B8-BF1271B2B3CA}.Debug|x86.Build.0 = Debug|Win32
		{6AB9C876-3DE0-4FB9-85B8-BF1271B2B3CA}.Release|x86.ActiveCfg = Release|Win32
		{6AB9C876-3DE0-4FB9-85B8-BF1271B2B3CA}.Release|x86.Build.0 = Release|Win32
	EndGlobalSection
	GlobalSection(SolutionProperties) = preSolution
		HideSolutionNode = FALSE
	EndGlobalSection
	GlobalSection(ExtensibilityGlobals) = postSolution
		SolutionGuid = {AB7838FD-A329-42C7-ADA8-B3EECE524624}
	EndGlobalSection
EndGlobal
