
Microsoft Visual Studio Solution File, Format Version 12.00
# Visual Studio Version 17
VisualStudioVersion = 17.3.32825.248
MinimumVisualStudioVersion = 10.0.40219.1
Project("{8BC9CEB8-8B4A-11D0-8D11-00A0C91BC942}") = "pedZLibBridge", "pedZLibBridge.vcxproj", "{80F5BA8E-E0FF-4619-A07B-F0B190DB0363}"
EndProject
Project("{9A19103F-16F7-4668-BE54-9A1E7A4F7556}") = "pedZLibBridgeCSharpTest", "pedZLibBridgeCSharpTest\pedZLibBridgeCSharpTest.csproj", "{0F6872ED-3529-4DBD-9EE2-348316DE9985}"
	ProjectSection(ProjectDependencies) = postProject
		{80F5BA8E-E0FF-4619-A07B-F0B190DB0363} = {80F5BA8E-E0FF-4619-A07B-F0B190DB0363}
	EndProjectSection
EndProject
Global
	GlobalSection(SolutionConfigurationPlatforms) = preSolution
		Debug|x64 = Debug|x64
		Release|x64 = Release|x64
	EndGlobalSection
	GlobalSection(ProjectConfigurationPlatforms) = postSolution
		{80F5BA8E-E0FF-4619-A07B-F0B190DB0363}.Debug|x64.ActiveCfg = Debug|x64
		{80F5BA8E-E0FF-4619-A07B-F0B190DB0363}.Debug|x64.Build.0 = Debug|x64
		{80F5BA8E-E0FF-4619-A07B-F0B190DB0363}.Release|x64.ActiveCfg = Release|x64
		{80F5BA8E-E0FF-4619-A07B-F0B190DB0363}.Release|x64.Build.0 = Release|x64
		{0F6872ED-3529-4DBD-9EE2-348316DE9985}.Debug|x64.ActiveCfg = Debug|x64
		{0F6872ED-3529-4DBD-9EE2-348316DE9985}.Debug|x64.Build.0 = Debug|x64
		{0F6872ED-3529-4DBD-9EE2-348316DE9985}.Release|x64.ActiveCfg = Release|x64
		{0F6872ED-3529-4DBD-9EE2-348316DE9985}.Release|x64.Build.0 = Release|x64
	EndGlobalSection
	GlobalSection(SolutionProperties) = preSolution
		HideSolutionNode = FALSE
	EndGlobalSection
	GlobalSection(ExtensibilityGlobals) = postSolution
		SolutionGuid = {205E18EE-E877-4F25-ABED-FACFD58054AC}
	EndGlobalSection
EndGlobal
